
Microsoft Visual Studio Solution File, Format Version 12.00
# Visual Studio Version 16
VisualStudioVersion = 16.0.30503.244
MinimumVisualStudioVersion = 10.0.40219.1
Project("{FAE04EC0-301F-11D3-BF4B-00C04F79EFBC}") = "FoodApp.Android", "FoodApp\FoodApp.Android\FoodApp.Android.csproj", "{1D30C78C-CDA0-4A31-9CD1-A3239582702E}"
EndProject
Project("{FAE04EC0-301F-11D3-BF4B-00C04F79EFBC}") = "FoodApp.iOS", "FoodApp\FoodApp.iOS\FoodApp.iOS.csproj", "{B27CAA05-3FE5-4F4B-80E8-FC31C05F8E1A}"
EndProject
Project("{FAE04EC0-301F-11D3-BF4B-00C04F79EFBC}") = "FoodApp", "FoodApp\FoodApp\FoodApp.csproj", "{6A02EA27-634B-4FF0-A65F-49055727B64A}"
EndProject
Global
	GlobalSection(SolutionConfigurationPlatforms) = preSolution
		Debug|Any CPU = Debug|Any CPU
		Debug|iPhone = Debug|iPhone
		Debug|iPhoneSimulator = Debug|iPhoneSimulator
		Release|Any CPU = Release|Any CPU
		Release|iPhone = Release|iPhone
		Release|iPhoneSimulator = Release|iPhoneSimulator
	EndGlobalSection
	GlobalSection(ProjectConfigurationPlatforms) = postSolution
		{1D30C78C-CDA0-4A31-9CD1-A3239582702E}.Debug|Any CPU.ActiveCfg = Debug|Any CPU
		{1D30C78C-CDA0-4A31-9CD1-A3239582702E}.Debug|Any CPU.Build.0 = Debug|Any CPU
		{1D30C78C-CDA0-4A31-9CD1-A3239582702E}.Debug|Any CPU.Deploy.0 = Debug|Any CPU
		{1D30C78C-CDA0-4A31-9CD1-A3239582702E}.Debug|iPhone.ActiveCfg = Debug|Any CPU
		{1D30C78C-CDA0-4A31-9CD1-A3239582702E}.Debug|iPhone.Build.0 = Debug|Any CPU
		{1D30C78C-CDA0-4A31-9CD1-A3239582702E}.Debug|iPhone.Deploy.0 = Debug|Any CPU
		{1D30C78C-CDA0-4A31-9CD1-A3239582702E}.Debug|iPhoneSimulator.ActiveCfg = Debug|Any CPU
		{1D30C78C-CDA0-4A31-9CD1-A3239582702E}.Debug|iPhoneSimulator.Build.0 = Debug|Any CPU
		{1D30C78C-CDA0-4A31-9CD1-A3239582702E}.Debug|iPhoneSimulator.Deploy.0 = Debug|Any CPU
		{1D30C78C-CDA0-4A31-9CD1-A3239582702E}.Release|Any CPU.ActiveCfg = Release|Any CPU
		{1D30C78C-CDA0-4A31-9CD1-A3239582702E}.Release|Any CPU.Build.0 = Release|Any CPU
		{1D30C78C-CDA0-4A31-9CD1-A3239582702E}.Release|Any CPU.Deploy.0 = Release|Any CPU
		{1D30C78C-CDA0-4A31-9CD1-A3239582702E}.Release|iPhone.ActiveCfg = Release|Any CPU
		{1D30C78C-CDA0-4A31-9CD1-A3239582702E}.Release|iPhone.Build.0 = Release|Any CPU
		{1D30C78C-CDA0-4A31-9CD1-A3239582702E}.Release|iPhone.Deploy.0 = Release|Any CPU
		{1D30C78C-CDA0-4A31-9CD1-A3239582702E}.Release|iPhoneSimulator.ActiveCfg = Release|Any CPU
		{1D30C78C-CDA0-4A31-9CD1-A3239582702E}.Release|iPhoneSimulator.Build.0 = Release|Any CPU
		{1D30C78C-CDA0-4A31-9CD1-A3239582702E}.Release|iPhoneSimulator.Deploy.0 = Release|Any CPU
		{B27CAA05-3FE5-4F4B-80E8-FC31C05F8E1A}.Debug|Any CPU.ActiveCfg = Debug|iPhone
		{B27CAA05-3FE5-4F4B-80E8-FC31C05F8E1A}.Debug|Any CPU.Build.0 = Debug|iPhone
		{B27CAA05-3FE5-4F4B-80E8-FC31C05F8E1A}.Debug|Any CPU.Deploy.0 = Debug|iPhone
		{B27CAA05-3FE5-4F4B-80E8-FC31C05F8E1A}.Debug|iPhone.ActiveCfg = Debug|iPhone
		{B27CAA05-3FE5-4F4B-80E8-FC31C05F8E1A}.Debug|iPhone.Build.0 = Debug|iPhone
		{B27CAA05-3FE5-4F4B-80E8-FC31C05F8E1A}.Debug|iPhone.Deploy.0 = Debug|iPhone
		{B27CAA05-3FE5-4F4B-80E8-FC31C05F8E1A}.Debug|iPhoneSimulator.ActiveCfg = Debug|iPhoneSimulator
		{B27CAA05-3FE5-4F4B-80E8-FC31C05F8E1A}.Debug|iPhoneSimulator.Build.0 = Debug|iPhoneSimulator
		{B27CAA05-3FE5-4F4B-80E8-FC31C05F8E1A}.Debug|iPhoneSimulator.Deploy.0 = Debug|iPhoneSimulator
		{B27CAA05-3FE5-4F4B-80E8-FC31C05F8E1A}.Release|Any CPU.ActiveCfg = Release|iPhoneSimulator
		{B27CAA05-3FE5-4F4B-80E8-FC31C05F8E1A}.Release|Any CPU.Build.0 = Release|iPhoneSimulator
		{B27CAA05-3FE5-4F4B-80E8-FC31C05F8E1A}.Release|Any CPU.Deploy.0 = Release|iPhoneSimulator
		{B27CAA05-3FE5-4F4B-80E8-FC31C05F8E1A}.Release|iPhone.ActiveCfg = Release|iPhone
		{B27CAA05-3FE5-4F4B-80E8-FC31C05F8E1A}.Release|iPhone.Build.0 = Release|iPhone
		{B27CAA05-3FE5-4F4B-80E8-FC31C05F8E1A}.Release|iPhone.Deploy.0 = Release|iPhone
		{B27CAA05-3FE5-4F4B-80E8-FC31C05F8E1A}.Release|iPhoneSimulator.ActiveCfg = Release|iPhoneSimulator
		{B27CAA05-3FE5-4F4B-80E8-FC31C05F8E1A}.Release|iPhoneSimulator.Build.0 = Release|iPhoneSimulator
		{B27CAA05-3FE5-4F4B-80E8-FC31C05F8E1A}.Release|iPhoneSimulator.Deploy.0 = Release|iPhoneSimulator
		{6A02EA27-634B-4FF0-A65F-49055727B64A}.Debug|Any CPU.ActiveCfg = Debug|Any CPU
		{6A02EA27-634B-4FF0-A65F-49055727B64A}.Debug|Any CPU.Build.0 = Debug|Any CPU
		{6A02EA27-634B-4FF0-A65F-49055727B64A}.Debug|Any CPU.Deploy.0 = Debug|Any CPU
		{6A02EA27-634B-4FF0-A65F-49055727B64A}.Debug|iPhone.ActiveCfg = Debug|Any CPU
		{6A02EA27-634B-4FF0-A65F-49055727B64A}.Debug|iPhone.Build.0 = Debug|Any CPU
		{6A02EA27-634B-4FF0-A65F-49055727B64A}.Debug|iPhone.Deploy.0 = Debug|Any CPU
		{6A02EA27-634B-4FF0-A65F-49055727B64A}.Debug|iPhoneSimulator.ActiveCfg = Debug|Any CPU
		{6A02EA27-634B-4FF0-A65F-49055727B64A}.Debug|iPhoneSimulator.Build.0 = Debug|Any CPU
		{6A02EA27-634B-4FF0-A65F-49055727B64A}.Debug|iPhoneSimulator.Deploy.0 = Debug|Any CPU
		{6A02EA27-634B-4FF0-A65F-49055727B64A}.Release|Any CPU.ActiveCfg = Release|Any CPU
		{6A02EA27-634B-4FF0-A65F-49055727B64A}.Release|Any CPU.Build.0 = Release|Any CPU
		{6A02EA27-634B-4FF0-A65F-49055727B64A}.Release|Any CPU.Deploy.0 = Release|Any CPU
		{6A02EA27-634B-4FF0-A65F-49055727B64A}.Release|iPhone.ActiveCfg = Release|Any CPU
		{6A02EA27-634B-4FF0-A65F-49055727B64A}.Release|iPhone.Build.0 = Release|Any CPU
		{6A02EA27-634B-4FF0-A65F-49055727B64A}.Release|iPhone.Deploy.0 = Release|Any CPU
		{6A02EA27-634B-4FF0-A65F-49055727B64A}.Release|iPhoneSimulator.ActiveCfg = Release|Any CPU
		{6A02EA27-634B-4FF0-A65F-49055727B64A}.Release|iPhoneSimulator.Build.0 = Release|Any CPU
		{6A02EA27-634B-4FF0-A65F-49055727B64A}.Release|iPhoneSimulator.Deploy.0 = Release|Any CPU
	EndGlobalSection
	GlobalSection(SolutionProperties) = preSolution
		HideSolutionNode = FALSE
	EndGlobalSection
	GlobalSection(ExtensibilityGlobals) = postSolution
		SolutionGuid = {0E9EA6D1-ED42-47DD-898A-4533348E7915}
	EndGlobalSection
EndGlobal
